
Microsoft Visual Studio Solution File, Format Version 11.00
# Visual Basic Express 2010
Project("{F184B08F-C81C-45F6-A57F-5ABD9991F28F}") = "MetricConversion", "MetricConversion\MetricConversion.vbproj", "{772313A1-F644-41C7-A716-9B074FB26E23}"
EndProject
Global
	GlobalSection(SolutionConfigurationPlatforms) = preSolution
		Debug|x86 = Debug|x86
		Release|x86 = Release|x86
	EndGlobalSection
	GlobalSection(ProjectConfigurationPlatforms) = postSolution
		{772313A1-F644-41C7-A716-9B074FB26E23}.Debug|x86.ActiveCfg = Debug|x86
		{772313A1-F644-41C7-A716-9B074FB26E23}.Debug|x86.Build.0 = Debug|x86
		{772313A1-F644-41C7-A716-9B074FB26E23}.Release|x86.ActiveCfg = Release|x86
		{772313A1-F644-41C7-A716-9B074FB26E23}.Release|x86.Build.0 = Release|x86
	EndGlobalSection
	GlobalSection(SolutionProperties) = preSolution
		HideSolutionNode = FALSE
	EndGlobalSection
EndGlobal
