
Microsoft Visual Studio Solution File, Format Version 11.00
# Visual Basic Express 2010
Project("{F184B08F-C81C-45F6-A57F-5ABD9991F28F}") = "Bouncing Ball", "Bouncing Ball\Bouncing Ball.vbproj", "{C5139475-95EE-4772-9A4A-A54895CFBEE2}"
EndProject
Global
	GlobalSection(SolutionConfigurationPlatforms) = preSolution
		Debug|x86 = Debug|x86
		Release|x86 = Release|x86
	EndGlobalSection
	GlobalSection(ProjectConfigurationPlatforms) = postSolution
		{C5139475-95EE-4772-9A4A-A54895CFBEE2}.Debug|x86.ActiveCfg = Debug|x86
		{C5139475-95EE-4772-9A4A-A54895CFBEE2}.Debug|x86.Build.0 = Debug|x86
		{C5139475-95EE-4772-9A4A-A54895CFBEE2}.Release|x86.ActiveCfg = Release|x86
		{C5139475-95EE-4772-9A4A-A54895CFBEE2}.Release|x86.Build.0 = Release|x86
	EndGlobalSection
	GlobalSection(SolutionProperties) = preSolution
		HideSolutionNode = FALSE
	EndGlobalSection
EndGlobal
