
Microsoft Visual Studio Solution File, Format Version 11.00
# Visual Basic Express 2010
Project("{F184B08F-C81C-45F6-A57F-5ABD9991F28F}") = "International - Exercise 10", "International - Exercise 10\International - Exercise 10.vbproj", "{0A8E5DA5-31CB-4AD1-8D04-18C696E6B5D0}"
EndProject
Global
	GlobalSection(SolutionConfigurationPlatforms) = preSolution
		Debug|x86 = Debug|x86
		Release|x86 = Release|x86
	EndGlobalSection
	GlobalSection(ProjectConfigurationPlatforms) = postSolution
		{0A8E5DA5-31CB-4AD1-8D04-18C696E6B5D0}.Debug|x86.ActiveCfg = Debug|x86
		{0A8E5DA5-31CB-4AD1-8D04-18C696E6B5D0}.Debug|x86.Build.0 = Debug|x86
		{0A8E5DA5-31CB-4AD1-8D04-18C696E6B5D0}.Release|x86.ActiveCfg = Release|x86
		{0A8E5DA5-31CB-4AD1-8D04-18C696E6B5D0}.Release|x86.Build.0 = Release|x86
	EndGlobalSection
	GlobalSection(SolutionProperties) = preSolution
		HideSolutionNode = FALSE
	EndGlobalSection
EndGlobal
