
Microsoft Visual Studio Solution File, Format Version 11.00
# Visual Basic Express 2010
Project("{F184B08F-C81C-45F6-A57F-5ABD9991F28F}") = "MyFile", "MyFile\MyFile.vbproj", "{550BF8CA-8ABD-4EAE-866C-9E8FCC8897DE}"
EndProject
Global
	GlobalSection(SolutionConfigurationPlatforms) = preSolution
		Debug|x86 = Debug|x86
		Release|x86 = Release|x86
	EndGlobalSection
	GlobalSection(ProjectConfigurationPlatforms) = postSolution
		{550BF8CA-8ABD-4EAE-866C-9E8FCC8897DE}.Debug|x86.ActiveCfg = Debug|x86
		{550BF8CA-8ABD-4EAE-866C-9E8FCC8897DE}.Debug|x86.Build.0 = Debug|x86
		{550BF8CA-8ABD-4EAE-866C-9E8FCC8897DE}.Release|x86.ActiveCfg = Release|x86
		{550BF8CA-8ABD-4EAE-866C-9E8FCC8897DE}.Release|x86.Build.0 = Release|x86
	EndGlobalSection
	GlobalSection(SolutionProperties) = preSolution
		HideSolutionNode = FALSE
	EndGlobalSection
EndGlobal
