
Microsoft Visual Studio Solution File, Format Version 11.00
# Visual Basic Express 2010
Project("{F184B08F-C81C-45F6-A57F-5ABD9991F28F}") = "Ch04 Review GuessingGame part 2 of 4", "Ch04 Review GuessingGame part 2 of 4\Ch04 Review GuessingGame part 2 of 4.vbproj", "{5A07485C-55C1-40C5-8953-00374D5C22EE}"
EndProject
Global
	GlobalSection(SolutionConfigurationPlatforms) = preSolution
		Debug|Any CPU = Debug|Any CPU
		Release|Any CPU = Release|Any CPU
	EndGlobalSection
	GlobalSection(ProjectConfigurationPlatforms) = postSolution
		{5A07485C-55C1-40C5-8953-00374D5C22EE}.Debug|Any CPU.ActiveCfg = Debug|Any CPU
		{5A07485C-55C1-40C5-8953-00374D5C22EE}.Debug|Any CPU.Build.0 = Debug|Any CPU
		{5A07485C-55C1-40C5-8953-00374D5C22EE}.Release|Any CPU.ActiveCfg = Release|Any CPU
		{5A07485C-55C1-40C5-8953-00374D5C22EE}.Release|Any CPU.Build.0 = Release|Any CPU
	EndGlobalSection
	GlobalSection(SolutionProperties) = preSolution
		HideSolutionNode = FALSE
	EndGlobalSection
EndGlobal
